
Microsoft Visual Studio Solution File, Format Version 12.00
# Visual Studio Version 17
VisualStudioVersion = 17.5.002.0
MinimumVisualStudioVersion = 10.0.40219.1
Project("{9A19103F-16F7-4668-BE54-9A1E7A4F7556}") = "desafio-hospedagemHotel-csharp-DIO", "desafio-hospedagemHotel-csharp-DIO.csproj", "{530EF4B6-A33B-49C7-AC1D-FC07FA423CDC}"
EndProject
Global
	GlobalSection(SolutionConfigurationPlatforms) = preSolution
		Debug|Any CPU = Debug|Any CPU
		Release|Any CPU = Release|Any CPU
	EndGlobalSection
	GlobalSection(ProjectConfigurationPlatforms) = postSolution
		{530EF4B6-A33B-49C7-AC1D-FC07FA423CDC}.Debug|Any CPU.ActiveCfg = Debug|Any CPU
		{530EF4B6-A33B-49C7-AC1D-FC07FA423CDC}.Debug|Any CPU.Build.0 = Debug|Any CPU
		{530EF4B6-A33B-49C7-AC1D-FC07FA423CDC}.Release|Any CPU.ActiveCfg = Release|Any CPU
		{530EF4B6-A33B-49C7-AC1D-FC07FA423CDC}.Release|Any CPU.Build.0 = Release|Any CPU
	EndGlobalSection
	GlobalSection(SolutionProperties) = preSolution
		HideSolutionNode = FALSE
	EndGlobalSection
	GlobalSection(ExtensibilityGlobals) = postSolution
		SolutionGuid = {1FE85A83-7F97-4E44-8378-B324D2A563A9}
	EndGlobalSection
EndGlobal
